
Microsoft Visual Studio Solution File, Format Version 12.00
# Visual Studio 14
VisualStudioVersion = 14.0.22815.1
MinimumVisualStudioVersion = 10.0.40219.1
Project("{FAE04EC0-301F-11D3-BF4B-00C04F79EFBC}") = "QuickSort", "QuickSort\QuickSort.csproj", "{3CC05A3F-ED2F-434F-8BBB-B595DB9F2AE0}"
EndProject
Global
	GlobalSection(SolutionConfigurationPlatforms) = preSolution
		Debug|Any CPU = Debug|Any CPU
		Release|Any CPU = Release|Any CPU
	EndGlobalSection
	GlobalSection(ProjectConfigurationPlatforms) = postSolution
		{3CC05A3F-ED2F-434F-8BBB-B595DB9F2AE0}.Debug|Any CPU.ActiveCfg = Debug|Any CPU
		{3CC05A3F-ED2F-434F-8BBB-B595DB9F2AE0}.Debug|Any CPU.Build.0 = Debug|Any CPU
		{3CC05A3F-ED2F-434F-8BBB-B595DB9F2AE0}.Release|Any CPU.ActiveCfg = Release|Any CPU
		{3CC05A3F-ED2F-434F-8BBB-B595DB9F2AE0}.Release|Any CPU.Build.0 = Release|Any CPU
	EndGlobalSection
	GlobalSection(SolutionProperties) = preSolution
		HideSolutionNode = FALSE
	EndGlobalSection
EndGlobal
